
Microsoft Visual Studio Solution File, Format Version 12.00
# Visual Studio 2017
Project("{FAE04EC0-301F-11D3-BF4B-00C04F79EFBC}") = "PsdUnity", "PsdUnity.csproj", "{769820FC-16CC-F938-419B-8C1D3E12EDEF}"
EndProject
Project("{FAE04EC0-301F-11D3-BF4B-00C04F79EFBC}") = "PsdUnity.Editor", "PsdUnity.Editor.csproj", "{FC077596-3727-1D3D-56A3-4C314110FC19}"
EndProject
Global
	GlobalSection(SolutionConfigurationPlatforms) = preSolution
		Debug|Any CPU = Debug|Any CPU
		Release|Any CPU = Release|Any CPU
	EndGlobalSection
	GlobalSection(ProjectConfigurationPlatforms) = postSolution
		{769820FC-16CC-F938-419B-8C1D3E12EDEF}.Debug|Any CPU.ActiveCfg = Debug|Any CPU
		{769820FC-16CC-F938-419B-8C1D3E12EDEF}.Debug|Any CPU.Build.0 = Debug|Any CPU
		{769820FC-16CC-F938-419B-8C1D3E12EDEF}.Release|Any CPU.ActiveCfg = Release|Any CPU
		{769820FC-16CC-F938-419B-8C1D3E12EDEF}.Release|Any CPU.Build.0 = Release|Any CPU
		{FC077596-3727-1D3D-56A3-4C314110FC19}.Debug|Any CPU.ActiveCfg = Debug|Any CPU
		{FC077596-3727-1D3D-56A3-4C314110FC19}.Debug|Any CPU.Build.0 = Debug|Any CPU
		{FC077596-3727-1D3D-56A3-4C314110FC19}.Release|Any CPU.ActiveCfg = Release|Any CPU
		{FC077596-3727-1D3D-56A3-4C314110FC19}.Release|Any CPU.Build.0 = Release|Any CPU
	EndGlobalSection
	GlobalSection(SolutionProperties) = preSolution
		HideSolutionNode = FALSE
	EndGlobalSection
EndGlobal
