
Microsoft Visual Studio Solution File, Format Version 12.00
# Visual Studio 2015
Project("{FAE04EC0-301F-11D3-BF4B-00C04F79EFBC}") = "unity-psd", "unity-psd.csproj", "{95C8DFB2-43A7-AA22-88CC-954A338B4F72}"
EndProject
Project("{FAE04EC0-301F-11D3-BF4B-00C04F79EFBC}") = "unity-psd.Editor", "unity-psd.Editor.csproj", "{A6DF5E3F-7A3D-7F4F-D727-21527CEC9731}"
EndProject
Global
	GlobalSection(SolutionConfigurationPlatforms) = preSolution
		Debug|Any CPU = Debug|Any CPU
		Release|Any CPU = Release|Any CPU
	EndGlobalSection
	GlobalSection(ProjectConfigurationPlatforms) = postSolution
		{95C8DFB2-43A7-AA22-88CC-954A338B4F72}.Debug|Any CPU.ActiveCfg = Debug|Any CPU
		{95C8DFB2-43A7-AA22-88CC-954A338B4F72}.Debug|Any CPU.Build.0 = Debug|Any CPU
		{95C8DFB2-43A7-AA22-88CC-954A338B4F72}.Release|Any CPU.ActiveCfg = Release|Any CPU
		{95C8DFB2-43A7-AA22-88CC-954A338B4F72}.Release|Any CPU.Build.0 = Release|Any CPU
		{A6DF5E3F-7A3D-7F4F-D727-21527CEC9731}.Debug|Any CPU.ActiveCfg = Debug|Any CPU
		{A6DF5E3F-7A3D-7F4F-D727-21527CEC9731}.Debug|Any CPU.Build.0 = Debug|Any CPU
		{A6DF5E3F-7A3D-7F4F-D727-21527CEC9731}.Release|Any CPU.ActiveCfg = Release|Any CPU
		{A6DF5E3F-7A3D-7F4F-D727-21527CEC9731}.Release|Any CPU.Build.0 = Release|Any CPU
	EndGlobalSection
	GlobalSection(SolutionProperties) = preSolution
		HideSolutionNode = FALSE
	EndGlobalSection
EndGlobal
